
Microsoft Visual Studio Solution File, Format Version 12.00
# Visual Studio 2012
Project("{FAE04EC0-301F-11D3-BF4B-00C04F79EFBC}") = "计算最大最小平均值", "计算最大最小平均值\计算最大最小平均值.csproj", "{18943430-5040-4C44-AFD1-F709C750A2A8}"
EndProject
Project("{FAE04EC0-301F-11D3-BF4B-00C04F79EFBC}") = "九九乘法表", "九九乘法表\九九乘法表.csproj", "{D40A4BAC-283E-4E86-B003-A2E82905A8F3}"
EndProject
Project("{FAE04EC0-301F-11D3-BF4B-00C04F79EFBC}") = "排序", "排序\排序.csproj", "{582C46DA-CEEC-4FF2-8E55-54BED5B95AF7}"
EndProject
Project("{FAE04EC0-301F-11D3-BF4B-00C04F79EFBC}") = "闰年数", "闰年数\闰年数.csproj", "{F3655BE8-D6A2-4F08-8A9D-368903BAED08}"
EndProject
Project("{FAE04EC0-301F-11D3-BF4B-00C04F79EFBC}") = "统计字符的个数", "统计字符的个数\统计字符的个数.csproj", "{3908D9B0-2D22-420C-8303-B616BCDE8C6F}"
EndProject
Project("{FAE04EC0-301F-11D3-BF4B-00C04F79EFBC}") = "移除重复元素", "移除重复元素\移除重复元素.csproj", "{312D8C49-4918-4B9E-87D2-1D79C1B0FF91}"
EndProject
Project("{FAE04EC0-301F-11D3-BF4B-00C04F79EFBC}") = "学生类", "学生类\学生类.csproj", "{B458FE30-FF36-4E13-AACE-CC7BBE931700}"
EndProject
Project("{FAE04EC0-301F-11D3-BF4B-00C04F79EFBC}") = "HelloWorld", "HelloWorld\HelloWorld.csproj", "{839EF40C-7226-4627-9C3B-D5F4E04454E2}"
EndProject
Project("{FAE04EC0-301F-11D3-BF4B-00C04F79EFBC}") = "Virtual与多态", "Virtual与多态\Virtual与多态.csproj", "{30F00996-225D-40F5-AD1D-2ED6BCD3EF86}"
EndProject
Project("{FAE04EC0-301F-11D3-BF4B-00C04F79EFBC}") = "变量", "变量\变量.csproj", "{0EE1F767-4D45-43D9-9359-78275E23520C}"
EndProject
Project("{FAE04EC0-301F-11D3-BF4B-00C04F79EFBC}") = "泛型方法", "泛型方法\泛型方法.csproj", "{50503E69-80A3-4FCE-A75F-3EA5D838DB41}"
EndProject
Project("{FAE04EC0-301F-11D3-BF4B-00C04F79EFBC}") = "泛型类", "泛型类\泛型类.csproj", "{AFDF2B5C-2D76-493C-9DFE-F5E6C30D339B}"
EndProject
Project("{FAE04EC0-301F-11D3-BF4B-00C04F79EFBC}") = "构造函数之间相互调用", "构造函数之间相互调用\构造函数之间相互调用.csproj", "{7D73DE1D-C8E6-4310-950C-BF53F39EE2ED}"
EndProject
Project("{FAE04EC0-301F-11D3-BF4B-00C04F79EFBC}") = "基本语法", "基本语法\基本语法.csproj", "{1708566C-CCAE-4829-AFB3-574C63C38379}"
EndProject
Project("{FAE04EC0-301F-11D3-BF4B-00C04F79EFBC}") = "类型转换", "类型转换\类型转换.csproj", "{D988BC66-28E7-425A-B58C-88664F6652FC}"
EndProject
Project("{FAE04EC0-301F-11D3-BF4B-00C04F79EFBC}") = "高分同学名字与成绩_mooc", "高分同学名字与成绩_mooc\高分同学名字与成绩_mooc.csproj", "{15B6591B-437D-4DB9-B755-E9FF5BC2E716}"
EndProject
Project("{FAE04EC0-301F-11D3-BF4B-00C04F79EFBC}") = "数据类型", "数据类型\数据类型.csproj", "{4D8259FA-0928-4709-8B89-6192A214FE47}"
EndProject
Project("{FAE04EC0-301F-11D3-BF4B-00C04F79EFBC}") = "委托", "委托\委托.csproj", "{9FE4C13F-C66F-4263-82BC-1A9734E904F0}"
EndProject
Project("{FAE04EC0-301F-11D3-BF4B-00C04F79EFBC}") = "运算符重载", "运算符重载\运算符重载.csproj", "{913A61AD-CF5B-4616-99B1-1D6C9A179135}"
EndProject
Project("{FAE04EC0-301F-11D3-BF4B-00C04F79EFBC}") = "抽象和普通方法", "抽象和普通方法\抽象和普通方法.csproj", "{9A99BA07-5B4E-4385-A43B-CE63A6902331}"
EndProject
Project("{FAE04EC0-301F-11D3-BF4B-00C04F79EFBC}") = "动物类的继承", "动物类的继承\动物类的继承.csproj", "{8C1EA6A9-A61C-460A-A741-4E945E058143}"
EndProject
Project("{FAE04EC0-301F-11D3-BF4B-00C04F79EFBC}") = "构造函数的重载", "构造函数的重载\构造函数的重载.csproj", "{160884B7-203E-4068-AA10-77DCF3931FCF}"
EndProject
Project("{FAE04EC0-301F-11D3-BF4B-00C04F79EFBC}") = "引用_交换值", "引用_交换值\引用_交换值.csproj", "{2F353745-044B-462F-B9CB-4C97452DA53A}"
EndProject
Project("{FAE04EC0-301F-11D3-BF4B-00C04F79EFBC}") = "接口", "接口\接口.csproj", "{05745AC3-6D1B-442E-B9A7-4F30902C8601}"
EndProject
Project("{FAE04EC0-301F-11D3-BF4B-00C04F79EFBC}") = "学生类的封装", "学生类的封装\学生类的封装.csproj", "{05781502-7AB8-4538-8D7B-4673074AC1EF}"
EndProject
Project("{FAE04EC0-301F-11D3-BF4B-00C04F79EFBC}") = "方法重载", "方法重载\方法重载.csproj", "{94DC9FAF-947A-4B14-9B5D-9017372CC026}"
EndProject
Project("{FAE04EC0-301F-11D3-BF4B-00C04F79EFBC}") = "ArrayList操作", "ArrayList操作\ArrayList操作.csproj", "{841C036C-4C15-4FD6-8542-59A13996BD21}"
EndProject
Project("{FAE04EC0-301F-11D3-BF4B-00C04F79EFBC}") = "HashTable操作", "HashTable操作\HashTable操作.csproj", "{CCB51A59-005E-4D25-9858-CC212CF336E0}"
EndProject
Project("{FAE04EC0-301F-11D3-BF4B-00C04F79EFBC}") = "栈与队列", "栈与队列\栈与队列.csproj", "{1AC6F5BC-436F-4E10-BF93-3018906C7143}"
EndProject
Project("{FAE04EC0-301F-11D3-BF4B-00C04F79EFBC}") = "斐波那契数列", "斐波那契数列\斐波那契数列.csproj", "{B06D5848-65C9-494E-8CCC-415BF6E32100}"
EndProject
Project("{FAE04EC0-301F-11D3-BF4B-00C04F79EFBC}") = "扑克牌洗牌算法", "扑克牌洗牌算法\扑克牌洗牌算法.csproj", "{4971899A-75DC-41E8-9B65-C70C1095AF71}"
EndProject
Project("{FAE04EC0-301F-11D3-BF4B-00C04F79EFBC}") = "生产线订单算法", "生产线订单算法\生产线订单算法.csproj", "{5F7D680A-C160-4833-9482-5A641F01ED6E}"
EndProject
Project("{FAE04EC0-301F-11D3-BF4B-00C04F79EFBC}") = "字符串翻转", "字符串翻转\字符串翻转.csproj", "{DDACACD1-D805-44F0-ABF3-223A034AD3AA}"
EndProject
Global
	GlobalSection(SolutionConfigurationPlatforms) = preSolution
		Debug|Any CPU = Debug|Any CPU
		Release|Any CPU = Release|Any CPU
	EndGlobalSection
	GlobalSection(ProjectConfigurationPlatforms) = postSolution
		{18943430-5040-4C44-AFD1-F709C750A2A8}.Debug|Any CPU.ActiveCfg = Debug|Any CPU
		{18943430-5040-4C44-AFD1-F709C750A2A8}.Debug|Any CPU.Build.0 = Debug|Any CPU
		{18943430-5040-4C44-AFD1-F709C750A2A8}.Release|Any CPU.ActiveCfg = Release|Any CPU
		{18943430-5040-4C44-AFD1-F709C750A2A8}.Release|Any CPU.Build.0 = Release|Any CPU
		{D40A4BAC-283E-4E86-B003-A2E82905A8F3}.Debug|Any CPU.ActiveCfg = Debug|Any CPU
		{D40A4BAC-283E-4E86-B003-A2E82905A8F3}.Debug|Any CPU.Build.0 = Debug|Any CPU
		{D40A4BAC-283E-4E86-B003-A2E82905A8F3}.Release|Any CPU.ActiveCfg = Release|Any CPU
		{D40A4BAC-283E-4E86-B003-A2E82905A8F3}.Release|Any CPU.Build.0 = Release|Any CPU
		{582C46DA-CEEC-4FF2-8E55-54BED5B95AF7}.Debug|Any CPU.ActiveCfg = Debug|Any CPU
		{582C46DA-CEEC-4FF2-8E55-54BED5B95AF7}.Debug|Any CPU.Build.0 = Debug|Any CPU
		{582C46DA-CEEC-4FF2-8E55-54BED5B95AF7}.Release|Any CPU.ActiveCfg = Release|Any CPU
		{582C46DA-CEEC-4FF2-8E55-54BED5B95AF7}.Release|Any CPU.Build.0 = Release|Any CPU
		{F3655BE8-D6A2-4F08-8A9D-368903BAED08}.Debug|Any CPU.ActiveCfg = Debug|Any CPU
		{F3655BE8-D6A2-4F08-8A9D-368903BAED08}.Debug|Any CPU.Build.0 = Debug|Any CPU
		{F3655BE8-D6A2-4F08-8A9D-368903BAED08}.Release|Any CPU.ActiveCfg = Release|Any CPU
		{F3655BE8-D6A2-4F08-8A9D-368903BAED08}.Release|Any CPU.Build.0 = Release|Any CPU
		{3908D9B0-2D22-420C-8303-B616BCDE8C6F}.Debug|Any CPU.ActiveCfg = Debug|Any CPU
		{3908D9B0-2D22-420C-8303-B616BCDE8C6F}.Debug|Any CPU.Build.0 = Debug|Any CPU
		{3908D9B0-2D22-420C-8303-B616BCDE8C6F}.Release|Any CPU.ActiveCfg = Release|Any CPU
		{3908D9B0-2D22-420C-8303-B616BCDE8C6F}.Release|Any CPU.Build.0 = Release|Any CPU
		{312D8C49-4918-4B9E-87D2-1D79C1B0FF91}.Debug|Any CPU.ActiveCfg = Debug|Any CPU
		{312D8C49-4918-4B9E-87D2-1D79C1B0FF91}.Debug|Any CPU.Build.0 = Debug|Any CPU
		{312D8C49-4918-4B9E-87D2-1D79C1B0FF91}.Release|Any CPU.ActiveCfg = Release|Any CPU
		{312D8C49-4918-4B9E-87D2-1D79C1B0FF91}.Release|Any CPU.Build.0 = Release|Any CPU
		{B458FE30-FF36-4E13-AACE-CC7BBE931700}.Debug|Any CPU.ActiveCfg = Debug|Any CPU
		{B458FE30-FF36-4E13-AACE-CC7BBE931700}.Debug|Any CPU.Build.0 = Debug|Any CPU
		{B458FE30-FF36-4E13-AACE-CC7BBE931700}.Release|Any CPU.ActiveCfg = Release|Any CPU
		{B458FE30-FF36-4E13-AACE-CC7BBE931700}.Release|Any CPU.Build.0 = Release|Any CPU
		{839EF40C-7226-4627-9C3B-D5F4E04454E2}.Debug|Any CPU.ActiveCfg = Debug|Any CPU
		{839EF40C-7226-4627-9C3B-D5F4E04454E2}.Debug|Any CPU.Build.0 = Debug|Any CPU
		{839EF40C-7226-4627-9C3B-D5F4E04454E2}.Release|Any CPU.ActiveCfg = Release|Any CPU
		{839EF40C-7226-4627-9C3B-D5F4E04454E2}.Release|Any CPU.Build.0 = Release|Any CPU
		{30F00996-225D-40F5-AD1D-2ED6BCD3EF86}.Debug|Any CPU.ActiveCfg = Debug|Any CPU
		{30F00996-225D-40F5-AD1D-2ED6BCD3EF86}.Debug|Any CPU.Build.0 = Debug|Any CPU
		{30F00996-225D-40F5-AD1D-2ED6BCD3EF86}.Release|Any CPU.ActiveCfg = Release|Any CPU
		{30F00996-225D-40F5-AD1D-2ED6BCD3EF86}.Release|Any CPU.Build.0 = Release|Any CPU
		{0EE1F767-4D45-43D9-9359-78275E23520C}.Debug|Any CPU.ActiveCfg = Debug|Any CPU
		{0EE1F767-4D45-43D9-9359-78275E23520C}.Debug|Any CPU.Build.0 = Debug|Any CPU
		{0EE1F767-4D45-43D9-9359-78275E23520C}.Release|Any CPU.ActiveCfg = Release|Any CPU
		{0EE1F767-4D45-43D9-9359-78275E23520C}.Release|Any CPU.Build.0 = Release|Any CPU
		{50503E69-80A3-4FCE-A75F-3EA5D838DB41}.Debug|Any CPU.ActiveCfg = Debug|Any CPU
		{50503E69-80A3-4FCE-A75F-3EA5D838DB41}.Debug|Any CPU.Build.0 = Debug|Any CPU
		{50503E69-80A3-4FCE-A75F-3EA5D838DB41}.Release|Any CPU.ActiveCfg = Release|Any CPU
		{50503E69-80A3-4FCE-A75F-3EA5D838DB41}.Release|Any CPU.Build.0 = Release|Any CPU
		{AFDF2B5C-2D76-493C-9DFE-F5E6C30D339B}.Debug|Any CPU.ActiveCfg = Debug|Any CPU
		{AFDF2B5C-2D76-493C-9DFE-F5E6C30D339B}.Debug|Any CPU.Build.0 = Debug|Any CPU
		{AFDF2B5C-2D76-493C-9DFE-F5E6C30D339B}.Release|Any CPU.ActiveCfg = Release|Any CPU
		{AFDF2B5C-2D76-493C-9DFE-F5E6C30D339B}.Release|Any CPU.Build.0 = Release|Any CPU
		{7D73DE1D-C8E6-4310-950C-BF53F39EE2ED}.Debug|Any CPU.ActiveCfg = Debug|Any CPU
		{7D73DE1D-C8E6-4310-950C-BF53F39EE2ED}.Debug|Any CPU.Build.0 = Debug|Any CPU
		{7D73DE1D-C8E6-4310-950C-BF53F39EE2ED}.Release|Any CPU.ActiveCfg = Release|Any CPU
		{7D73DE1D-C8E6-4310-950C-BF53F39EE2ED}.Release|Any CPU.Build.0 = Release|Any CPU
		{1708566C-CCAE-4829-AFB3-574C63C38379}.Debug|Any CPU.ActiveCfg = Debug|Any CPU
		{1708566C-CCAE-4829-AFB3-574C63C38379}.Debug|Any CPU.Build.0 = Debug|Any CPU
		{1708566C-CCAE-4829-AFB3-574C63C38379}.Release|Any CPU.ActiveCfg = Release|Any CPU
		{1708566C-CCAE-4829-AFB3-574C63C38379}.Release|Any CPU.Build.0 = Release|Any CPU
		{D988BC66-28E7-425A-B58C-88664F6652FC}.Debug|Any CPU.ActiveCfg = Debug|Any CPU
		{D988BC66-28E7-425A-B58C-88664F6652FC}.Debug|Any CPU.Build.0 = Debug|Any CPU
		{D988BC66-28E7-425A-B58C-88664F6652FC}.Release|Any CPU.ActiveCfg = Release|Any CPU
		{D988BC66-28E7-425A-B58C-88664F6652FC}.Release|Any CPU.Build.0 = Release|Any CPU
		{15B6591B-437D-4DB9-B755-E9FF5BC2E716}.Debug|Any CPU.ActiveCfg = Debug|Any CPU
		{15B6591B-437D-4DB9-B755-E9FF5BC2E716}.Debug|Any CPU.Build.0 = Debug|Any CPU
		{15B6591B-437D-4DB9-B755-E9FF5BC2E716}.Release|Any CPU.ActiveCfg = Release|Any CPU
		{15B6591B-437D-4DB9-B755-E9FF5BC2E716}.Release|Any CPU.Build.0 = Release|Any CPU
		{4D8259FA-0928-4709-8B89-6192A214FE47}.Debug|Any CPU.ActiveCfg = Debug|Any CPU
		{4D8259FA-0928-4709-8B89-6192A214FE47}.Debug|Any CPU.Build.0 = Debug|Any CPU
		{4D8259FA-0928-4709-8B89-6192A214FE47}.Release|Any CPU.ActiveCfg = Release|Any CPU
		{4D8259FA-0928-4709-8B89-6192A214FE47}.Release|Any CPU.Build.0 = Release|Any CPU
		{9FE4C13F-C66F-4263-82BC-1A9734E904F0}.Debug|Any CPU.ActiveCfg = Debug|Any CPU
		{9FE4C13F-C66F-4263-82BC-1A9734E904F0}.Debug|Any CPU.Build.0 = Debug|Any CPU
		{9FE4C13F-C66F-4263-82BC-1A9734E904F0}.Release|Any CPU.ActiveCfg = Release|Any CPU
		{9FE4C13F-C66F-4263-82BC-1A9734E904F0}.Release|Any CPU.Build.0 = Release|Any CPU
		{913A61AD-CF5B-4616-99B1-1D6C9A179135}.Debug|Any CPU.ActiveCfg = Debug|Any CPU
		{913A61AD-CF5B-4616-99B1-1D6C9A179135}.Debug|Any CPU.Build.0 = Debug|Any CPU
		{913A61AD-CF5B-4616-99B1-1D6C9A179135}.Release|Any CPU.ActiveCfg = Release|Any CPU
		{913A61AD-CF5B-4616-99B1-1D6C9A179135}.Release|Any CPU.Build.0 = Release|Any CPU
		{9A99BA07-5B4E-4385-A43B-CE63A6902331}.Debug|Any CPU.ActiveCfg = Debug|Any CPU
		{9A99BA07-5B4E-4385-A43B-CE63A6902331}.Debug|Any CPU.Build.0 = Debug|Any CPU
		{9A99BA07-5B4E-4385-A43B-CE63A6902331}.Release|Any CPU.ActiveCfg = Release|Any CPU
		{9A99BA07-5B4E-4385-A43B-CE63A6902331}.Release|Any CPU.Build.0 = Release|Any CPU
		{8C1EA6A9-A61C-460A-A741-4E945E058143}.Debug|Any CPU.ActiveCfg = Debug|Any CPU
		{8C1EA6A9-A61C-460A-A741-4E945E058143}.Debug|Any CPU.Build.0 = Debug|Any CPU
		{8C1EA6A9-A61C-460A-A741-4E945E058143}.Release|Any CPU.ActiveCfg = Release|Any CPU
		{8C1EA6A9-A61C-460A-A741-4E945E058143}.Release|Any CPU.Build.0 = Release|Any CPU
		{160884B7-203E-4068-AA10-77DCF3931FCF}.Debug|Any CPU.ActiveCfg = Debug|Any CPU
		{160884B7-203E-4068-AA10-77DCF3931FCF}.Debug|Any CPU.Build.0 = Debug|Any CPU
		{160884B7-203E-4068-AA10-77DCF3931FCF}.Release|Any CPU.ActiveCfg = Release|Any CPU
		{160884B7-203E-4068-AA10-77DCF3931FCF}.Release|Any CPU.Build.0 = Release|Any CPU
		{2F353745-044B-462F-B9CB-4C97452DA53A}.Debug|Any CPU.ActiveCfg = Debug|Any CPU
		{2F353745-044B-462F-B9CB-4C97452DA53A}.Debug|Any CPU.Build.0 = Debug|Any CPU
		{2F353745-044B-462F-B9CB-4C97452DA53A}.Release|Any CPU.ActiveCfg = Release|Any CPU
		{2F353745-044B-462F-B9CB-4C97452DA53A}.Release|Any CPU.Build.0 = Release|Any CPU
		{05745AC3-6D1B-442E-B9A7-4F30902C8601}.Debug|Any CPU.ActiveCfg = Debug|Any CPU
		{05745AC3-6D1B-442E-B9A7-4F30902C8601}.Debug|Any CPU.Build.0 = Debug|Any CPU
		{05745AC3-6D1B-442E-B9A7-4F30902C8601}.Release|Any CPU.ActiveCfg = Release|Any CPU
		{05745AC3-6D1B-442E-B9A7-4F30902C8601}.Release|Any CPU.Build.0 = Release|Any CPU
		{05781502-7AB8-4538-8D7B-4673074AC1EF}.Debug|Any CPU.ActiveCfg = Debug|Any CPU
		{05781502-7AB8-4538-8D7B-4673074AC1EF}.Debug|Any CPU.Build.0 = Debug|Any CPU
		{05781502-7AB8-4538-8D7B-4673074AC1EF}.Release|Any CPU.ActiveCfg = Release|Any CPU
		{05781502-7AB8-4538-8D7B-4673074AC1EF}.Release|Any CPU.Build.0 = Release|Any CPU
		{94DC9FAF-947A-4B14-9B5D-9017372CC026}.Debug|Any CPU.ActiveCfg = Debug|Any CPU
		{94DC9FAF-947A-4B14-9B5D-9017372CC026}.Debug|Any CPU.Build.0 = Debug|Any CPU
		{94DC9FAF-947A-4B14-9B5D-9017372CC026}.Release|Any CPU.ActiveCfg = Release|Any CPU
		{94DC9FAF-947A-4B14-9B5D-9017372CC026}.Release|Any CPU.Build.0 = Release|Any CPU
		{841C036C-4C15-4FD6-8542-59A13996BD21}.Debug|Any CPU.ActiveCfg = Debug|Any CPU
		{841C036C-4C15-4FD6-8542-59A13996BD21}.Debug|Any CPU.Build.0 = Debug|Any CPU
		{841C036C-4C15-4FD6-8542-59A13996BD21}.Release|Any CPU.ActiveCfg = Release|Any CPU
		{841C036C-4C15-4FD6-8542-59A13996BD21}.Release|Any CPU.Build.0 = Release|Any CPU
		{CCB51A59-005E-4D25-9858-CC212CF336E0}.Debug|Any CPU.ActiveCfg = Debug|Any CPU
		{CCB51A59-005E-4D25-9858-CC212CF336E0}.Debug|Any CPU.Build.0 = Debug|Any CPU
		{CCB51A59-005E-4D25-9858-CC212CF336E0}.Release|Any CPU.ActiveCfg = Release|Any CPU
		{CCB51A59-005E-4D25-9858-CC212CF336E0}.Release|Any CPU.Build.0 = Release|Any CPU
		{1AC6F5BC-436F-4E10-BF93-3018906C7143}.Debug|Any CPU.ActiveCfg = Debug|Any CPU
		{1AC6F5BC-436F-4E10-BF93-3018906C7143}.Debug|Any CPU.Build.0 = Debug|Any CPU
		{1AC6F5BC-436F-4E10-BF93-3018906C7143}.Release|Any CPU.ActiveCfg = Release|Any CPU
		{1AC6F5BC-436F-4E10-BF93-3018906C7143}.Release|Any CPU.Build.0 = Release|Any CPU
		{B06D5848-65C9-494E-8CCC-415BF6E32100}.Debug|Any CPU.ActiveCfg = Debug|Any CPU
		{B06D5848-65C9-494E-8CCC-415BF6E32100}.Debug|Any CPU.Build.0 = Debug|Any CPU
		{B06D5848-65C9-494E-8CCC-415BF6E32100}.Release|Any CPU.ActiveCfg = Release|Any CPU
		{B06D5848-65C9-494E-8CCC-415BF6E32100}.Release|Any CPU.Build.0 = Release|Any CPU
		{4971899A-75DC-41E8-9B65-C70C1095AF71}.Debug|Any CPU.ActiveCfg = Debug|Any CPU
		{4971899A-75DC-41E8-9B65-C70C1095AF71}.Debug|Any CPU.Build.0 = Debug|Any CPU
		{4971899A-75DC-41E8-9B65-C70C1095AF71}.Release|Any CPU.ActiveCfg = Release|Any CPU
		{4971899A-75DC-41E8-9B65-C70C1095AF71}.Release|Any CPU.Build.0 = Release|Any CPU
		{5F7D680A-C160-4833-9482-5A641F01ED6E}.Debug|Any CPU.ActiveCfg = Debug|Any CPU
		{5F7D680A-C160-4833-9482-5A641F01ED6E}.Debug|Any CPU.Build.0 = Debug|Any CPU
		{5F7D680A-C160-4833-9482-5A641F01ED6E}.Release|Any CPU.ActiveCfg = Release|Any CPU
		{5F7D680A-C160-4833-9482-5A641F01ED6E}.Release|Any CPU.Build.0 = Release|Any CPU
		{DDACACD1-D805-44F0-ABF3-223A034AD3AA}.Debug|Any CPU.ActiveCfg = Debug|Any CPU
		{DDACACD1-D805-44F0-ABF3-223A034AD3AA}.Debug|Any CPU.Build.0 = Debug|Any CPU
		{DDACACD1-D805-44F0-ABF3-223A034AD3AA}.Release|Any CPU.ActiveCfg = Release|Any CPU
		{DDACACD1-D805-44F0-ABF3-223A034AD3AA}.Release|Any CPU.Build.0 = Release|Any CPU
	EndGlobalSection
	GlobalSection(SolutionProperties) = preSolution
		HideSolutionNode = FALSE
	EndGlobalSection
EndGlobal
